// !$*UTF8*$!
{
	archiveVersion = 1;
	classes = {
	};
	objectVersion = 50;
	objects = {

/* Begin PBXBuildFile section */
		D74A5DD123B1969400AEBC87 /* feedSample2.json in Resources */ = {isa = PBXBuildFile; fileRef = D74A5DD023B1969400AEBC87 /* feedSample2.json */; };
		D75D02F9239E6F9000B5CFDE /* FeedItemView.swift in Sources */ = {isa = PBXBuildFile; fileRef = D75D02F8239E6F9000B5CFDE /* FeedItemView.swift */; };
		D75D02FB239E8A9400B5CFDE /* Constants.swift in Sources */ = {isa = PBXBuildFile; fileRef = D75D02FA239E8A9400B5CFDE /* Constants.swift */; };
		D75D02FE239EAA3B00B5CFDE /* itemSample.json in Resources */ = {isa = PBXBuildFile; fileRef = D75D02FD239EAA3B00B5CFDE /* itemSample.json */; };
		D77D59F8239C5C8600B439C8 /* SocialFeedNetworking.swift in Sources */ = {isa = PBXBuildFile; fileRef = D77D59F7239C5C8600B439C8 /* SocialFeedNetworking.swift */; };
		D78D109C23984E8D003AD20B /* AppDelegate.swift in Sources */ = {isa = PBXBuildFile; fileRef = D78D109B23984E8D003AD20B /* AppDelegate.swift */; };
		D78D109E23984E8D003AD20B /* SceneDelegate.swift in Sources */ = {isa = PBXBuildFile; fileRef = D78D109D23984E8D003AD20B /* SceneDelegate.swift */; };
		D78D10A023984E8D003AD20B /* ContentView.swift in Sources */ = {isa = PBXBuildFile; fileRef = D78D109F23984E8D003AD20B /* ContentView.swift */; };
		D78D10A223984E8E003AD20B /* Assets.xcassets in Resources */ = {isa = PBXBuildFile; fileRef = D78D10A123984E8E003AD20B /* Assets.xcassets */; };
		D78D10A523984E8E003AD20B /* Preview Assets.xcassets in Resources */ = {isa = PBXBuildFile; fileRef = D78D10A423984E8E003AD20B /* Preview Assets.xcassets */; };
		D78D10A823984E8E003AD20B /* LaunchScreen.storyboard in Resources */ = {isa = PBXBuildFile; fileRef = D78D10A623984E8E003AD20B /* LaunchScreen.storyboard */; };
		D78D10B323984FE5003AD20B /* LocalSampleDataHelper.swift in Sources */ = {isa = PBXBuildFile; fileRef = D78D10B223984FE5003AD20B /* LocalSampleDataHelper.swift */; };
		D78D10B62398508C003AD20B /* feedSample.json in Resources */ = {isa = PBXBuildFile; fileRef = D78D10B52398508C003AD20B /* feedSample.json */; };
		D78D10B8239851FC003AD20B /* Feed.swift in Sources */ = {isa = PBXBuildFile; fileRef = D78D10B7239851FC003AD20B /* Feed.swift */; };
/* End PBXBuildFile section */

/* Begin PBXFileReference section */
		D74A5DD023B1969400AEBC87 /* feedSample2.json */ = {isa = PBXFileReference; lastKnownFileType = text.json; name = feedSample2.json; path = SocialFeed/Resources/feedSample2.json; sourceTree = SOURCE_ROOT; };
		D75D02F8239E6F9000B5CFDE /* FeedItemView.swift */ = {isa = PBXFileReference; lastKnownFileType = sourcecode.swift; path = FeedItemView.swift; sourceTree = "<group>"; };
		D75D02FA239E8A9400B5CFDE /* Constants.swift */ = {isa = PBXFileReference; lastKnownFileType = sourcecode.swift; path = Constants.swift; sourceTree = "<group>"; };
		D75D02FD239EAA3B00B5CFDE /* itemSample.json */ = {isa = PBXFileReference; lastKnownFileType = text.json; path = itemSample.json; sourceTree = "<group>"; };
		D77D59F7239C5C8600B439C8 /* SocialFeedNetworking.swift */ = {isa = PBXFileReference; lastKnownFileType = sourcecode.swift; path = SocialFeedNetworking.swift; sourceTree = "<group>"; };
		D78D109823984E8D003AD20B /* SocialFeed.app */ = {isa = PBXFileReference; explicitFileType = wrapper.application; includeInIndex = 0; path = SocialFeed.app; sourceTree = BUILT_PRODUCTS_DIR; };
		D78D109B23984E8D003AD20B /* AppDelegate.swift */ = {isa = PBXFileReference; lastKnownFileType = sourcecode.swift; path = AppDelegate.swift; sourceTree = "<group>"; };
		D78D109D23984E8D003AD20B /* SceneDelegate.swift */ = {isa = PBXFileReference; lastKnownFileType = sourcecode.swift; path = SceneDelegate.swift; sourceTree = "<group>"; };
		D78D109F23984E8D003AD20B /* ContentView.swift */ = {isa = PBXFileReference; lastKnownFileType = sourcecode.swift; path = ContentView.swift; sourceTree = "<group>"; };
		D78D10A123984E8E003AD20B /* Assets.xcassets */ = {isa = PBXFileReference; lastKnownFileType = folder.assetcatalog; path = Assets.xcassets; sourceTree = "<group>"; };
		D78D10A423984E8E003AD20B /* Preview Assets.xcassets */ = {isa = PBXFileReference; lastKnownFileType = folder.assetcatalog; path = "Preview Assets.xcassets"; sourceTree = "<group>"; };
		D78D10A723984E8E003AD20B /* Base */ = {isa = PBXFileReference; lastKnownFileType = file.storyboard; name = Base; path = Base.lproj/LaunchScreen.storyboard; sourceTree = "<group>"; };
		D78D10A923984E8E003AD20B /* Info.plist */ = {isa = PBXFileReference; lastKnownFileType = text.plist.xml; path = Info.plist; sourceTree = "<group>"; };
		D78D10B223984FE5003AD20B /* LocalSampleDataHelper.swift */ = {isa = PBXFileReference; lastKnownFileType = sourcecode.swift; path = LocalSampleDataHelper.swift; sourceTree = "<group>"; };
		D78D10B52398508C003AD20B /* feedSample.json */ = {isa = PBXFileReference; lastKnownFileType = text.json; path = feedSample.json; sourceTree = "<group>"; };
		D78D10B7239851FC003AD20B /* Feed.swift */ = {isa = PBXFileReference; lastKnownFileType = sourcecode.swift; path = Feed.swift; sourceTree = "<group>"; };
/* End PBXFileReference section */

/* Begin PBXFrameworksBuildPhase section */
		D78D109523984E8D003AD20B /* Frameworks */ = {
			isa = PBXFrameworksBuildPhase;
			buildActionMask = 2147483647;
			files = (
			);
			runOnlyForDeploymentPostprocessing = 0;
		};
/* End PBXFrameworksBuildPhase section */

/* Begin PBXGroup section */
		D75D02FC239E8D9900B5CFDE /* ContentViews */ = {
			isa = PBXGroup;
			children = (
				D75D02F8239E6F9000B5CFDE /* FeedItemView.swift */,
			);
			path = ContentViews;
			sourceTree = "<group>";
		};
		D78D108F23984E8D003AD20B = {
			isa = PBXGroup;
			children = (
				D78D109A23984E8D003AD20B /* SocialFeed */,
				D78D109923984E8D003AD20B /* Products */,
			);
			sourceTree = "<group>";
		};
		D78D109923984E8D003AD20B /* Products */ = {
			isa = PBXGroup;
			children = (
				D78D109823984E8D003AD20B /* SocialFeed.app */,
			);
			name = Products;
			sourceTree = "<group>";
		};
		D78D109A23984E8D003AD20B /* SocialFeed */ = {
			isa = PBXGroup;
			children = (
				D78D10B423985065003AD20B /* Resources */,
				D78D10B123984FBF003AD20B /* Model */,
				D78D10B023984FAC003AD20B /* Web */,
				D78D10AF23984F8E003AD20B /* Tools */,
				D78D109B23984E8D003AD20B /* AppDelegate.swift */,
				D78D109D23984E8D003AD20B /* SceneDelegate.swift */,
				D78D109F23984E8D003AD20B /* ContentView.swift */,
				D75D02FC239E8D9900B5CFDE /* ContentViews */,
				D78D10A123984E8E003AD20B /* Assets.xcassets */,
				D78D10A623984E8E003AD20B /* LaunchScreen.storyboard */,
				D78D10A923984E8E003AD20B /* Info.plist */,
				D78D10A323984E8E003AD20B /* Preview Content */,
			);
			path = SocialFeed;
			sourceTree = "<group>";
		};
		D78D10A323984E8E003AD20B /* Preview Content */ = {
			isa = PBXGroup;
			children = (
				D78D10A423984E8E003AD20B /* Preview Assets.xcassets */,
			);
			path = "Preview Content";
			sourceTree = "<group>";
		};
		D78D10AF23984F8E003AD20B /* Tools */ = {
			isa = PBXGroup;
			children = (
				D78D10B223984FE5003AD20B /* LocalSampleDataHelper.swift */,
				D77D59F7239C5C8600B439C8 /* SocialFeedNetworking.swift */,
				D75D02FA239E8A9400B5CFDE /* Constants.swift */,
			);
			path = Tools;
			sourceTree = "<group>";
		};
		D78D10B023984FAC003AD20B /* Web */ = {
			isa = PBXGroup;
			children = (
			);
			path = Web;
			sourceTree = "<group>";
		};
		D78D10B123984FBF003AD20B /* Model */ = {
			isa = PBXGroup;
			children = (
				D78D10B7239851FC003AD20B /* Feed.swift */,
			);
			path = Model;
			sourceTree = "<group>";
		};
		D78D10B423985065003AD20B /* Resources */ = {
			isa = PBXGroup;
			children = (
				D78D10B52398508C003AD20B /* feedSample.json */,
				D75D02FD239EAA3B00B5CFDE /* itemSample.json */,
				D74A5DD023B1969400AEBC87 /* feedSample2.json */,
			);
			path = Resources;
			sourceTree = "<group>";
		};
/* End PBXGroup section */

/* Begin PBXNativeTarget section */
		D78D109723984E8D003AD20B /* SocialFeed */ = {
			isa = PBXNativeTarget;
			buildConfigurationList = D78D10AC23984E8E003AD20B /* Build configuration list for PBXNativeTarget "SocialFeed" */;
			buildPhases = (
				D78D109423984E8D003AD20B /* Sources */,
				D78D109523984E8D003AD20B /* Frameworks */,
				D78D109623984E8D003AD20B /* Resources */,
			);
			buildRules = (
			);
			dependencies = (
			);
			name = SocialFeed;
			productName = SocialFeed;
			productReference = D78D109823984E8D003AD20B /* SocialFeed.app */;
			productType = "com.apple.product-type.application";
		};
/* End PBXNativeTarget section */

/* Begin PBXProject section */
		D78D109023984E8D003AD20B /* Project object */ = {
			isa = PBXProject;
			attributes = {
				LastSwiftUpdateCheck = 1120;
				LastUpgradeCheck = 1120;
				ORGANIZATIONNAME = Sereno;
				TargetAttributes = {
					D78D109723984E8D003AD20B = {
						CreatedOnToolsVersion = 11.2.1;
					};
				};
			};
			buildConfigurationList = D78D109323984E8D003AD20B /* Build configuration list for PBXProject "SocialFeed" */;
			compatibilityVersion = "Xcode 9.3";
			developmentRegion = en;
			hasScannedForEncodings = 0;
			knownRegions = (
				en,
				Base,
			);
			mainGroup = D78D108F23984E8D003AD20B;
			productRefGroup = D78D109923984E8D003AD20B /* Products */;
			projectDirPath = "";
			projectRoot = "";
			targets = (
				D78D109723984E8D003AD20B /* SocialFeed */,
			);
		};
/* End PBXProject section */

/* Begin PBXResourcesBuildPhase section */
		D78D109623984E8D003AD20B /* Resources */ = {
			isa = PBXResourcesBuildPhase;
			buildActionMask = 2147483647;
			files = (
				D74A5DD123B1969400AEBC87 /* feedSample2.json in Resources */,
				D78D10A823984E8E003AD20B /* LaunchScreen.storyboard in Resources */,
				D78D10B62398508C003AD20B /* feedSample.json in Resources */,
				D78D10A523984E8E003AD20B /* Preview Assets.xcassets in Resources */,
				D75D02FE239EAA3B00B5CFDE /* itemSample.json in Resources */,
				D78D10A223984E8E003AD20B /* Assets.xcassets in Resources */,
			);
			runOnlyForDeploymentPostprocessing = 0;
		};
/* End PBXResourcesBuildPhase section */

/* Begin PBXSourcesBuildPhase section */
		D78D109423984E8D003AD20B /* Sources */ = {
			isa = PBXSourcesBuildPhase;
			buildActionMask = 2147483647;
			files = (
				D75D02F9239E6F9000B5CFDE /* FeedItemView.swift in Sources */,
				D78D10B323984FE5003AD20B /* LocalSampleDataHelper.swift in Sources */,
				D78D10B8239851FC003AD20B /* Feed.swift in Sources */,
				D77D59F8239C5C8600B439C8 /* SocialFeedNetworking.swift in Sources */,
				D78D109C23984E8D003AD20B /* AppDelegate.swift in Sources */,
				D78D109E23984E8D003AD20B /* SceneDelegate.swift in Sources */,
				D78D10A023984E8D003AD20B /* ContentView.swift in Sources */,
				D75D02FB239E8A9400B5CFDE /* Constants.swift in Sources */,
			);
			runOnlyForDeploymentPostprocessing = 0;
		};
/* End PBXSourcesBuildPhase section */

/* Begin PBXVariantGroup section */
		D78D10A623984E8E003AD20B /* LaunchScreen.storyboard */ = {
			isa = PBXVariantGroup;
			children = (
				D78D10A723984E8E003AD20B /* Base */,
			);
			name = LaunchScreen.storyboard;
			sourceTree = "<group>";
		};
/* End PBXVariantGroup section */

/* Begin XCBuildConfiguration section */
		D78D10AA23984E8E003AD20B /* Debug */ = {
			isa = XCBuildConfiguration;
			buildSettings = {
				ALWAYS_SEARCH_USER_PATHS = NO;
				CLANG_ANALYZER_NONNULL = YES;
				CLANG_ANALYZER_NUMBER_OBJECT_CONVERSION = YES_AGGRESSIVE;
				CLANG_CXX_LANGUAGE_STANDARD = "gnu++14";
				CLANG_CXX_LIBRARY = "libc++";
				CLANG_ENABLE_MODULES = YES;
				CLANG_ENABLE_OBJC_ARC = YES;
				CLANG_ENABLE_OBJC_WEAK = YES;
				CLANG_WARN_BLOCK_CAPTURE_AUTORELEASING = YES;
				CLANG_WARN_BOOL_CONVERSION = YES;
				CLANG_WARN_COMMA = YES;
				CLANG_WARN_CONSTANT_CONVERSION = YES;
				CLANG_WARN_DEPRECATED_OBJC_IMPLEMENTATIONS = YES;
				CLANG_WARN_DIRECT_OBJC_ISA_USAGE = YES_ERROR;
				CLANG_WARN_DOCUMENTATION_COMMENTS = YES;
				CLANG_WARN_EMPTY_BODY = YES;
				CLANG_WARN_ENUM_CONVERSION = YES;
				CLANG_WARN_INFINITE_RECURSION = YES;
				CLANG_WARN_INT_CONVERSION = YES;
				CLANG_WARN_NON_LITERAL_NULL_CONVERSION = YES;
				CLANG_WARN_OBJC_IMPLICIT_RETAIN_SELF = YES;
				CLANG_WARN_OBJC_LITERAL_CONVERSION = YES;
				CLANG_WARN_OBJC_ROOT_CLASS = YES_ERROR;
				CLANG_WARN_RANGE_LOOP_ANALYSIS = YES;
				CLANG_WARN_STRICT_PROTOTYPES = YES;
				CLANG_WARN_SUSPICIOUS_MOVE = YES;
				CLANG_WARN_UNGUARDED_AVAILABILITY = YES_AGGRESSIVE;
				CLANG_WARN_UNREACHABLE_CODE = YES;
				CLANG_WARN__DUPLICATE_METHOD_MATCH = YES;
				COPY_PHASE_STRIP = NO;
				DEBUG_INFORMATION_FORMAT = dwarf;
				ENABLE_STRICT_OBJC_MSGSEND = YES;
				ENABLE_TESTABILITY = YES;
				GCC_C_LANGUAGE_STANDARD = gnu11;
				GCC_DYNAMIC_NO_PIC = NO;
				GCC_NO_COMMON_BLOCKS = YES;
				GCC_OPTIMIZATION_LEVEL = 0;
				GCC_PREPROCESSOR_DEFINITIONS = (
					"DEBUG=1",
					"$(inherited)",
				);
				GCC_WARN_64_TO_32_BIT_CONVERSION = YES;
				GCC_WARN_ABOUT_RETURN_TYPE = YES_ERROR;
				GCC_WARN_UNDECLARED_SELECTOR = YES;
				GCC_WARN_UNINITIALIZED_AUTOS = YES_AGGRESSIVE;
				GCC_WARN_UNUSED_FUNCTION = YES;
				GCC_WARN_UNUSED_VARIABLE = YES;
				IPHONEOS_DEPLOYMENT_TARGET = 13.2;
				MTL_ENABLE_DEBUG_INFO = INCLUDE_SOURCE;
				MTL_FAST_MATH = YES;
				ONLY_ACTIVE_ARCH = YES;
				SDKROOT = iphoneos;
				SWIFT_ACTIVE_COMPILATION_CONDITIONS = DEBUG;
				SWIFT_OPTIMIZATION_LEVEL = "-Onone";
			};
			name = Debug;
		};
		D78D10AB23984E8E003AD20B /* Release */ = {
			isa = XCBuildConfiguration;
			buildSettings = {
				ALWAYS_SEARCH_USER_PATHS = NO;
				CLANG_ANALYZER_NONNULL = YES;
				CLANG_ANALYZER_NUMBER_OBJECT_CONVERSION = YES_AGGRESSIVE;
				CLANG_CXX_LANGUAGE_STANDARD = "gnu++14";
				CLANG_CXX_LIBRARY = "libc++";
				CLANG_ENABLE_MODULES = YES;
				CLANG_ENABLE_OBJC_ARC = YES;
				CLANG_ENABLE_OBJC_WEAK = YES;
				CLANG_WARN_BLOCK_CAPTURE_AUTORELEASING = YES;
				CLANG_WARN_BOOL_CONVERSION = YES;
				CLANG_WARN_COMMA = YES;
				CLANG_WARN_CONSTANT_CONVERSION = YES;
				CLANG_WARN_DEPRECATED_OBJC_IMPLEMENTATIONS = YES;
				CLANG_WARN_DIRECT_OBJC_ISA_USAGE = YES_ERROR;
				CLANG_WARN_DOCUMENTATION_COMMENTS = YES;
				CLANG_WARN_EMPTY_BODY = YES;
				CLANG_WARN_ENUM_CONVERSION = YES;
				CLANG_WARN_INFINITE_RECURSION = YES;
				CLANG_WARN_INT_CONVERSION = YES;
				CLANG_WARN_NON_LITERAL_NULL_CONVERSION = YES;
				CLANG_WARN_OBJC_IMPLICIT_RETAIN_SELF = YES;
				CLANG_WARN_OBJC_LITERAL_CONVERSION = YES;
				CLANG_WARN_OBJC_ROOT_CLASS = YES_ERROR;
				CLANG_WARN_RANGE_LOOP_ANALYSIS = YES;
				CLANG_WARN_STRICT_PROTOTYPES = YES;
				CLANG_WARN_SUSPICIOUS_MOVE = YES;
				CLANG_WARN_UNGUARDED_AVAILABILITY = YES_AGGRESSIVE;
				CLANG_WARN_UNREACHABLE_CODE = YES;
				CLANG_WARN__DUPLICATE_METHOD_MATCH = YES;
				COPY_PHASE_STRIP = NO;
				DEBUG_INFORMATION_FORMAT = "dwarf-with-dsym";
				ENABLE_NS_ASSERTIONS = NO;
				ENABLE_STRICT_OBJC_MSGSEND = YES;
				GCC_C_LANGUAGE_STANDARD = gnu11;
				GCC_NO_COMMON_BLOCKS = YES;
				GCC_WARN_64_TO_32_BIT_CONVERSION = YES;
				GCC_WARN_ABOUT_RETURN_TYPE = YES_ERROR;
				GCC_WARN_UNDECLARED_SELECTOR = YES;
				GCC_WARN_UNINITIALIZED_AUTOS = YES_AGGRESSIVE;
				GCC_WARN_UNUSED_FUNCTION = YES;
				GCC_WARN_UNUSED_VARIABLE = YES;
				IPHONEOS_DEPLOYMENT_TARGET = 13.2;
				MTL_ENABLE_DEBUG_INFO = NO;
				MTL_FAST_MATH = YES;
				SDKROOT = iphoneos;
				SWIFT_COMPILATION_MODE = wholemodule;
				SWIFT_OPTIMIZATION_LEVEL = "-O";
				VALIDATE_PRODUCT = YES;
			};
			name = Release;
		};
		D78D10AD23984E8E003AD20B /* Debug */ = {
			isa = XCBuildConfiguration;
			buildSettings = {
				ASSETCATALOG_COMPILER_APPICON_NAME = AppIcon;
				CODE_SIGN_STYLE = Automatic;
				DEVELOPMENT_ASSET_PATHS = "\"SocialFeed/Preview Content\"";
				DEVELOPMENT_TEAM = 6NDSHHMVLC;
				ENABLE_PREVIEWS = YES;
				INFOPLIST_FILE = SocialFeed/Info.plist;
				LD_RUNPATH_SEARCH_PATHS = (
					"$(inherited)",
					"@executable_path/Frameworks",
				);
				PRODUCT_BUNDLE_IDENTIFIER = com.sereno.SocialFeed;
				PRODUCT_NAME = "$(TARGET_NAME)";
				SWIFT_VERSION = 5.0;
				TARGETED_DEVICE_FAMILY = "1,2";
			};
			name = Debug;
		};
		D78D10AE23984E8E003AD20B /* Release */ = {
			isa = XCBuildConfiguration;
			buildSettings = {
				ASSETCATALOG_COMPILER_APPICON_NAME = AppIcon;
				CODE_SIGN_STYLE = Automatic;
				DEVELOPMENT_ASSET_PATHS = "\"SocialFeed/Preview Content\"";
				DEVELOPMENT_TEAM = 6NDSHHMVLC;
				ENABLE_PREVIEWS = YES;
				INFOPLIST_FILE = SocialFeed/Info.plist;
				LD_RUNPATH_SEARCH_PATHS = (
					"$(inherited)",
					"@executable_path/Frameworks",
				);
				PRODUCT_BUNDLE_IDENTIFIER = com.sereno.SocialFeed;
				PRODUCT_NAME = "$(TARGET_NAME)";
				SWIFT_VERSION = 5.0;
				TARGETED_DEVICE_FAMILY = "1,2";
			};
			name = Release;
		};
/* End XCBuildConfiguration section */

/* Begin XCConfigurationList section */
		D78D109323984E8D003AD20B /* Build configuration list for PBXProject "SocialFeed" */ = {
			isa = XCConfigurationList;
			buildConfigurations = (
				D78D10AA23984E8E003AD20B /* Debug */,
				D78D10AB23984E8E003AD20B /* Release */,
			);
			defaultConfigurationIsVisible = 0;
			defaultConfigurationName = Release;
		};
		D78D10AC23984E8E003AD20B /* Build configuration list for PBXNativeTarget "SocialFeed" */ = {
			isa = XCConfigurationList;
			buildConfigurations = (
				D78D10AD23984E8E003AD20B /* Debug */,
				D78D10AE23984E8E003AD20B /* Release */,
			);
			defaultConfigurationIsVisible = 0;
			defaultConfigurationName = Release;
		};
/* End XCConfigurationList section */
	};
	rootObject = D78D109023984E8D003AD20B /* Project object */;
}
